{
  "name": "dependency-analyzer",
  "version": "0.1.0",
  "lockfileVersion": 2,
  "requires": true,
  "packages": {
    "": {
      "name": "dependency-analyzer",
      "version": "0.1.0",
      "license": "MIT",
      "workspaces": [
        "packages/*"
      ]
    },
    "node_modules/@dependency-analyzer/scanner": {
      "resolved": "packages/scanner",
      "link": true
    },
    "node_modules/@dependency-analyzer/visualizer": {
      "resolved": "packages/visualizer",
      "link": true
    },
    "node_modules/commander": {
      "version": "11.1.0",
      "resolved": "https://registry.npmjs.org/commander/-/commander-11.1.0.tgz",
      "integrity": "sha512-yPVavfyCcRhmorC7rWlkHn15b4wDVgVmBA7kV4QVBsF7kv/9TKJAbAXVTxvTnwP8HHKjRCJDClKbciiYS7p0DQ==",
      "engines": {
        "node": ">=16"
      }
    },
    "packages/scanner": {
      "name": "@dependency-analyzer/scanner",
      "version": "0.1.0",
      "dependencies": {
        "commander": "^11.1.0"
      },
      "bin": {
        "dependency-scanner": "bin/scanner"
      }
    },
    "packages/visualizer": {
      "name": "@dependency-analyzer/visualizer",
      "version": "0.1.0"
    }
  },
  "dependencies": {
    "@dependency-analyzer/scanner": {
      "version": "file:packages/scanner",
      "requires": {
        "commander": "^11.1.0"
      }
    },
    "@dependency-analyzer/visualizer": {
      "version": "file:packages/visualizer"
    },
    "commander": {
      "version": "11.1.0",
      "resolved": "https://registry.npmjs.org/commander/-/commander-11.1.0.tgz",
      "integrity": "sha512-yPVavfyCcRhmorC7rWlkHn15b4wDVgVmBA7kV4QVBsF7kv/9TKJAbAXVTxvTnwP8HHKjRCJDClKbciiYS7p0DQ=="
    }
  }
}
